
Microsoft Visual Studio Solution File, Format Version 12.00
# Visual Studio for Mac
Project("{FAE04EC0-301F-11D3-BF4B-00C04F79EFBC}") = "Game-of-Wars", "Assembly-CSharp.csproj", "{5252E6F4-E660-5A91-0D2B-A5A60748ACD7}"
EndProject
Project("{FAE04EC0-301F-11D3-BF4B-00C04F79EFBC}") = "Game-of-Wars", "Assembly-CSharp-Editor.csproj", "{41E91C9B-01F8-FB43-AE31-9FD6D594D52B}"
EndProject
Global
	GlobalSection(SolutionConfigurationPlatforms) = preSolution
		Debug|Any CPU = Debug|Any CPU
		Release|Any CPU = Release|Any CPU
	EndGlobalSection
	GlobalSection(ProjectConfigurationPlatforms) = postSolution
		{5252E6F4-E660-5A91-0D2B-A5A60748ACD7}.Debug|Any CPU.ActiveCfg = Debug|Any CPU
		{5252E6F4-E660-5A91-0D2B-A5A60748ACD7}.Debug|Any CPU.Build.0 = Debug|Any CPU
		{5252E6F4-E660-5A91-0D2B-A5A60748ACD7}.Release|Any CPU.ActiveCfg = Release|Any CPU
		{5252E6F4-E660-5A91-0D2B-A5A60748ACD7}.Release|Any CPU.Build.0 = Release|Any CPU
		{41E91C9B-01F8-FB43-AE31-9FD6D594D52B}.Debug|Any CPU.ActiveCfg = Debug|Any CPU
		{41E91C9B-01F8-FB43-AE31-9FD6D594D52B}.Debug|Any CPU.Build.0 = Debug|Any CPU
		{41E91C9B-01F8-FB43-AE31-9FD6D594D52B}.Release|Any CPU.ActiveCfg = Release|Any CPU
		{41E91C9B-01F8-FB43-AE31-9FD6D594D52B}.Release|Any CPU.Build.0 = Release|Any CPU
	EndGlobalSection
	GlobalSection(SolutionProperties) = preSolution
		HideSolutionNode = FALSE
	EndGlobalSection
EndGlobal
