
Microsoft Visual Studio Solution File, Format Version 11.00
# Visual Studio 2010
Project("{FAE04EC0-301F-11D3-BF4B-00C04F79EFBC}") = "Game of Wars", "Assembly-CSharp.csproj", "{71DB4849-D63E-C351-1BF0-9AF4DC065E46}"
EndProject
Project("{FAE04EC0-301F-11D3-BF4B-00C04F79EFBC}") = "Game of Wars", "Assembly-CSharp-Editor.csproj", "{485F1D22-58F6-76E5-CBEE-D585A56D1AE9}"
EndProject
Global
	GlobalSection(SolutionConfigurationPlatforms) = preSolution
		Debug|Any CPU = Debug|Any CPU
		Release|Any CPU = Release|Any CPU
	EndGlobalSection
	GlobalSection(ProjectConfigurationPlatforms) = postSolution
		{71DB4849-D63E-C351-1BF0-9AF4DC065E46}.Debug|Any CPU.ActiveCfg = Debug|Any CPU
		{71DB4849-D63E-C351-1BF0-9AF4DC065E46}.Debug|Any CPU.Build.0 = Debug|Any CPU
		{71DB4849-D63E-C351-1BF0-9AF4DC065E46}.Release|Any CPU.ActiveCfg = Release|Any CPU
		{71DB4849-D63E-C351-1BF0-9AF4DC065E46}.Release|Any CPU.Build.0 = Release|Any CPU
		{485F1D22-58F6-76E5-CBEE-D585A56D1AE9}.Debug|Any CPU.ActiveCfg = Debug|Any CPU
		{485F1D22-58F6-76E5-CBEE-D585A56D1AE9}.Debug|Any CPU.Build.0 = Debug|Any CPU
		{485F1D22-58F6-76E5-CBEE-D585A56D1AE9}.Release|Any CPU.ActiveCfg = Release|Any CPU
		{485F1D22-58F6-76E5-CBEE-D585A56D1AE9}.Release|Any CPU.Build.0 = Release|Any CPU
	EndGlobalSection
	GlobalSection(SolutionProperties) = preSolution
		HideSolutionNode = FALSE
	EndGlobalSection
	GlobalSection(MonoDevelopProperties) = preSolution
		StartupItem = Assembly-CSharp.csproj
	EndGlobalSection
EndGlobal
